
Microsoft Visual Studio Solution File, Format Version 12.00
# Visual Studio 14
VisualStudioVersion = 14.0.24720.0
MinimumVisualStudioVersion = 10.0.40219.1
Project("{FAE04EC0-301F-11D3-BF4B-00C04F79EFBC}") = "XForms.Utils.Samples.Droid", "XForms.Utils.Samples\XForms.Utils.Samples.Droid\XForms.Utils.Samples.Droid.csproj", "{26C6CA82-4435-4E46-A466-1CDE3CB0641C}"
EndProject
Project("{FAE04EC0-301F-11D3-BF4B-00C04F79EFBC}") = "XForms.Utils.Samples.iOS", "XForms.Utils.Samples\XForms.Utils.Samples.iOS\XForms.Utils.Samples.iOS.csproj", "{1465DB5B-9763-4BE2-8E75-A4D7655DFE2A}"
EndProject
Project("{FAE04EC0-301F-11D3-BF4B-00C04F79EFBC}") = "XForms.Utils.Samples.WinPhone", "XForms.Utils.Samples\XForms.Utils.Samples.WinPhone\XForms.Utils.Samples.WinPhone.csproj", "{B3F98145-EB66-4773-85FB-9F3C7D68EB29}"
EndProject
Project("{FAE04EC0-301F-11D3-BF4B-00C04F79EFBC}") = "XForms.Utils.Samples.UWP", "XForms.Utils.Samples\XForms.Utils.Samples.UWP\XForms.Utils.Samples.UWP.csproj", "{2418167C-073A-43A9-B738-3536C4B18FEE}"
EndProject
Project("{FAE04EC0-301F-11D3-BF4B-00C04F79EFBC}") = "XForms.Utils.Samples.Windows", "XForms.Utils.Samples\XForms.Utils.Samples.Windows\XForms.Utils.Samples.Windows.csproj", "{1EA205B7-722F-4F10-A228-5E39DB3B9892}"
EndProject
Project("{FAE04EC0-301F-11D3-BF4B-00C04F79EFBC}") = "XForms.Utils.Samples", "XForms.Utils.Samples\XForms.Utils.Samples\XForms.Utils.Samples.csproj", "{57EA4F0A-8A6A-4CB6-B7CD-DFB415348F53}"
EndProject
Project("{FAE04EC0-301F-11D3-BF4B-00C04F79EFBC}") = "XForms.Utils", "..\src\XForms.Utils\XForms.Utils.csproj", "{C9D682F2-4F6F-4AB4-847D-A09E98D0E6FD}"
EndProject
Global
	GlobalSection(SolutionConfigurationPlatforms) = preSolution
		Ad-Hoc|Any CPU = Ad-Hoc|Any CPU
		Ad-Hoc|ARM = Ad-Hoc|ARM
		Ad-Hoc|iPhone = Ad-Hoc|iPhone
		Ad-Hoc|iPhoneSimulator = Ad-Hoc|iPhoneSimulator
		Ad-Hoc|x64 = Ad-Hoc|x64
		Ad-Hoc|x86 = Ad-Hoc|x86
		AppStore|Any CPU = AppStore|Any CPU
		AppStore|ARM = AppStore|ARM
		AppStore|iPhone = AppStore|iPhone
		AppStore|iPhoneSimulator = AppStore|iPhoneSimulator
		AppStore|x64 = AppStore|x64
		AppStore|x86 = AppStore|x86
		Debug|Any CPU = Debug|Any CPU
		Debug|ARM = Debug|ARM
		Debug|iPhone = Debug|iPhone
		Debug|iPhoneSimulator = Debug|iPhoneSimulator
		Debug|x64 = Debug|x64
		Debug|x86 = Debug|x86
		Release|Any CPU = Release|Any CPU
		Release|ARM = Release|ARM
		Release|iPhone = Release|iPhone
		Release|iPhoneSimulator = Release|iPhoneSimulator
		Release|x64 = Release|x64
		Release|x86 = Release|x86
	EndGlobalSection
	GlobalSection(ProjectConfigurationPlatforms) = postSolution
		{26C6CA82-4435-4E46-A466-1CDE3CB0641C}.Ad-Hoc|Any CPU.ActiveCfg = Release|Any CPU
		{26C6CA82-4435-4E46-A466-1CDE3CB0641C}.Ad-Hoc|Any CPU.Build.0 = Release|Any CPU
		{26C6CA82-4435-4E46-A466-1CDE3CB0641C}.Ad-Hoc|Any CPU.Deploy.0 = Release|Any CPU
		{26C6CA82-4435-4E46-A466-1CDE3CB0641C}.Ad-Hoc|ARM.ActiveCfg = Release|Any CPU
		{26C6CA82-4435-4E46-A466-1CDE3CB0641C}.Ad-Hoc|ARM.Build.0 = Release|Any CPU
		{26C6CA82-4435-4E46-A466-1CDE3CB0641C}.Ad-Hoc|ARM.Deploy.0 = Release|Any CPU
		{26C6CA82-4435-4E46-A466-1CDE3CB0641C}.Ad-Hoc|iPhone.ActiveCfg = Release|Any CPU
		{26C6CA82-4435-4E46-A466-1CDE3CB0641C}.Ad-Hoc|iPhone.Build.0 = Release|Any CPU
		{26C6CA82-4435-4E46-A466-1CDE3CB0641C}.Ad-Hoc|iPhone.Deploy.0 = Release|Any CPU
		{26C6CA82-4435-4E46-A466-1CDE3CB0641C}.Ad-Hoc|iPhoneSimulator.ActiveCfg = Release|Any CPU
		{26C6CA82-4435-4E46-A466-1CDE3CB0641C}.Ad-Hoc|iPhoneSimulator.Build.0 = Release|Any CPU
		{26C6CA82-4435-4E46-A466-1CDE3CB0641C}.Ad-Hoc|iPhoneSimulator.Deploy.0 = Release|Any CPU
		{26C6CA82-4435-4E46-A466-1CDE3CB0641C}.Ad-Hoc|x64.ActiveCfg = Release|Any CPU
		{26C6CA82-4435-4E46-A466-1CDE3CB0641C}.Ad-Hoc|x64.Build.0 = Release|Any CPU
		{26C6CA82-4435-4E46-A466-1CDE3CB0641C}.Ad-Hoc|x64.Deploy.0 = Release|Any CPU
		{26C6CA82-4435-4E46-A466-1CDE3CB0641C}.Ad-Hoc|x86.ActiveCfg = Release|Any CPU
		{26C6CA82-4435-4E46-A466-1CDE3CB0641C}.Ad-Hoc|x86.Build.0 = Release|Any CPU
		{26C6CA82-4435-4E46-A466-1CDE3CB0641C}.Ad-Hoc|x86.Deploy.0 = Release|Any CPU
		{26C6CA82-4435-4E46-A466-1CDE3CB0641C}.AppStore|Any CPU.ActiveCfg = Release|Any CPU
		{26C6CA82-4435-4E46-A466-1CDE3CB0641C}.AppStore|Any CPU.Build.0 = Release|Any CPU
		{26C6CA82-4435-4E46-A466-1CDE3CB0641C}.AppStore|Any CPU.Deploy.0 = Release|Any CPU
		{26C6CA82-4435-4E46-A466-1CDE3CB0641C}.AppStore|ARM.ActiveCfg = Release|Any CPU
		{26C6CA82-4435-4E46-A466-1CDE3CB0641C}.AppStore|ARM.Build.0 = Release|Any CPU
		{26C6CA82-4435-4E46-A466-1CDE3CB0641C}.AppStore|ARM.Deploy.0 = Release|Any CPU
		{26C6CA82-4435-4E46-A466-1CDE3CB0641C}.AppStore|iPhone.ActiveCfg = Release|Any CPU
		{26C6CA82-4435-4E46-A466-1CDE3CB0641C}.AppStore|iPhone.Build.0 = Release|Any CPU
		{26C6CA82-4435-4E46-A466-1CDE3CB0641C}.AppStore|iPhone.Deploy.0 = Release|Any CPU
		{26C6CA82-4435-4E46-A466-1CDE3CB0641C}.AppStore|iPhoneSimulator.ActiveCfg = Release|Any CPU
		{26C6CA82-4435-4E46-A466-1CDE3CB0641C}.AppStore|iPhoneSimulator.Build.0 = Release|Any CPU
		{26C6CA82-4435-4E46-A466-1CDE3CB0641C}.AppStore|iPhoneSimulator.Deploy.0 = Release|Any CPU
		{26C6CA82-4435-4E46-A466-1CDE3CB0641C}.AppStore|x64.ActiveCfg = Release|Any CPU
		{26C6CA82-4435-4E46-A466-1CDE3CB0641C}.AppStore|x64.Build.0 = Release|Any CPU
		{26C6CA82-4435-4E46-A466-1CDE3CB0641C}.AppStore|x64.Deploy.0 = Release|Any CPU
		{26C6CA82-4435-4E46-A466-1CDE3CB0641C}.AppStore|x86.ActiveCfg = Release|Any CPU
		{26C6CA82-4435-4E46-A466-1CDE3CB0641C}.AppStore|x86.Build.0 = Release|Any CPU
		{26C6CA82-4435-4E46-A466-1CDE3CB0641C}.AppStore|x86.Deploy.0 = Release|Any CPU
		{26C6CA82-4435-4E46-A466-1CDE3CB0641C}.Debug|Any CPU.ActiveCfg = Debug|Any CPU
		{26C6CA82-4435-4E46-A466-1CDE3CB0641C}.Debug|Any CPU.Build.0 = Debug|Any CPU
		{26C6CA82-4435-4E46-A466-1CDE3CB0641C}.Debug|Any CPU.Deploy.0 = Debug|Any CPU
		{26C6CA82-4435-4E46-A466-1CDE3CB0641C}.Debug|ARM.ActiveCfg = Debug|Any CPU
		{26C6CA82-4435-4E46-A466-1CDE3CB0641C}.Debug|ARM.Build.0 = Debug|Any CPU
		{26C6CA82-4435-4E46-A466-1CDE3CB0641C}.Debug|ARM.Deploy.0 = Debug|Any CPU
		{26C6CA82-4435-4E46-A466-1CDE3CB0641C}.Debug|iPhone.ActiveCfg = Debug|Any CPU
		{26C6CA82-4435-4E46-A466-1CDE3CB0641C}.Debug|iPhone.Build.0 = Debug|Any CPU
		{26C6CA82-4435-4E46-A466-1CDE3CB0641C}.Debug|iPhone.Deploy.0 = Debug|Any CPU
		{26C6CA82-4435-4E46-A466-1CDE3CB0641C}.Debug|iPhoneSimulator.ActiveCfg = Debug|Any CPU
		{26C6CA82-4435-4E46-A466-1CDE3CB0641C}.Debug|iPhoneSimulator.Build.0 = Debug|Any CPU
		{26C6CA82-4435-4E46-A466-1CDE3CB0641C}.Debug|iPhoneSimulator.Deploy.0 = Debug|Any CPU
		{26C6CA82-4435-4E46-A466-1CDE3CB0641C}.Debug|x64.ActiveCfg = Debug|Any CPU
		{26C6CA82-4435-4E46-A466-1CDE3CB0641C}.Debug|x64.Build.0 = Debug|Any CPU
		{26C6CA82-4435-4E46-A466-1CDE3CB0641C}.Debug|x64.Deploy.0 = Debug|Any CPU
		{26C6CA82-4435-4E46-A466-1CDE3CB0641C}.Debug|x86.ActiveCfg = Debug|Any CPU
		{26C6CA82-4435-4E46-A466-1CDE3CB0641C}.Debug|x86.Build.0 = Debug|Any CPU
		{26C6CA82-4435-4E46-A466-1CDE3CB0641C}.Debug|x86.Deploy.0 = Debug|Any CPU
		{26C6CA82-4435-4E46-A466-1CDE3CB0641C}.Release|Any CPU.ActiveCfg = Release|Any CPU
		{26C6CA82-4435-4E46-A466-1CDE3CB0641C}.Release|Any CPU.Build.0 = Release|Any CPU
		{26C6CA82-4435-4E46-A466-1CDE3CB0641C}.Release|Any CPU.Deploy.0 = Release|Any CPU
		{26C6CA82-4435-4E46-A466-1CDE3CB0641C}.Release|ARM.ActiveCfg = Release|Any CPU
		{26C6CA82-4435-4E46-A466-1CDE3CB0641C}.Release|ARM.Build.0 = Release|Any CPU
		{26C6CA82-4435-4E46-A466-1CDE3CB0641C}.Release|ARM.Deploy.0 = Release|Any CPU
		{26C6CA82-4435-4E46-A466-1CDE3CB0641C}.Release|iPhone.ActiveCfg = Release|Any CPU
		{26C6CA82-4435-4E46-A466-1CDE3CB0641C}.Release|iPhone.Build.0 = Release|Any CPU
		{26C6CA82-4435-4E46-A466-1CDE3CB0641C}.Release|iPhone.Deploy.0 = Release|Any CPU
		{26C6CA82-4435-4E46-A466-1CDE3CB0641C}.Release|iPhoneSimulator.ActiveCfg = Release|Any CPU
		{26C6CA82-4435-4E46-A466-1CDE3CB0641C}.Release|iPhoneSimulator.Build.0 = Release|Any CPU
		{26C6CA82-4435-4E46-A466-1CDE3CB0641C}.Release|iPhoneSimulator.Deploy.0 = Release|Any CPU
		{26C6CA82-4435-4E46-A466-1CDE3CB0641C}.Release|x64.ActiveCfg = Release|Any CPU
		{26C6CA82-4435-4E46-A466-1CDE3CB0641C}.Release|x64.Build.0 = Release|Any CPU
		{26C6CA82-4435-4E46-A466-1CDE3CB0641C}.Release|x64.Deploy.0 = Release|Any CPU
		{26C6CA82-4435-4E46-A466-1CDE3CB0641C}.Release|x86.ActiveCfg = Release|Any CPU
		{26C6CA82-4435-4E46-A466-1CDE3CB0641C}.Release|x86.Build.0 = Release|Any CPU
		{26C6CA82-4435-4E46-A466-1CDE3CB0641C}.Release|x86.Deploy.0 = Release|Any CPU
		{1465DB5B-9763-4BE2-8E75-A4D7655DFE2A}.Ad-Hoc|Any CPU.ActiveCfg = Ad-Hoc|iPhone
		{1465DB5B-9763-4BE2-8E75-A4D7655DFE2A}.Ad-Hoc|ARM.ActiveCfg = Ad-Hoc|iPhone
		{1465DB5B-9763-4BE2-8E75-A4D7655DFE2A}.Ad-Hoc|iPhone.ActiveCfg = Ad-Hoc|iPhone
		{1465DB5B-9763-4BE2-8E75-A4D7655DFE2A}.Ad-Hoc|iPhone.Build.0 = Ad-Hoc|iPhone
		{1465DB5B-9763-4BE2-8E75-A4D7655DFE2A}.Ad-Hoc|iPhoneSimulator.ActiveCfg = Ad-Hoc|iPhoneSimulator
		{1465DB5B-9763-4BE2-8E75-A4D7655DFE2A}.Ad-Hoc|iPhoneSimulator.Build.0 = Ad-Hoc|iPhoneSimulator
		{1465DB5B-9763-4BE2-8E75-A4D7655DFE2A}.Ad-Hoc|x64.ActiveCfg = Ad-Hoc|iPhone
		{1465DB5B-9763-4BE2-8E75-A4D7655DFE2A}.Ad-Hoc|x86.ActiveCfg = Ad-Hoc|iPhone
		{1465DB5B-9763-4BE2-8E75-A4D7655DFE2A}.AppStore|Any CPU.ActiveCfg = AppStore|iPhone
		{1465DB5B-9763-4BE2-8E75-A4D7655DFE2A}.AppStore|ARM.ActiveCfg = AppStore|iPhone
		{1465DB5B-9763-4BE2-8E75-A4D7655DFE2A}.AppStore|iPhone.ActiveCfg = AppStore|iPhone
		{1465DB5B-9763-4BE2-8E75-A4D7655DFE2A}.AppStore|iPhone.Build.0 = AppStore|iPhone
		{1465DB5B-9763-4BE2-8E75-A4D7655DFE2A}.AppStore|iPhoneSimulator.ActiveCfg = AppStore|iPhoneSimulator
		{1465DB5B-9763-4BE2-8E75-A4D7655DFE2A}.AppStore|iPhoneSimulator.Build.0 = AppStore|iPhoneSimulator
		{1465DB5B-9763-4BE2-8E75-A4D7655DFE2A}.AppStore|x64.ActiveCfg = AppStore|iPhone
		{1465DB5B-9763-4BE2-8E75-A4D7655DFE2A}.AppStore|x86.ActiveCfg = AppStore|iPhone
		{1465DB5B-9763-4BE2-8E75-A4D7655DFE2A}.Debug|Any CPU.ActiveCfg = Debug|iPhone
		{1465DB5B-9763-4BE2-8E75-A4D7655DFE2A}.Debug|ARM.ActiveCfg = Debug|iPhone
		{1465DB5B-9763-4BE2-8E75-A4D7655DFE2A}.Debug|iPhone.ActiveCfg = Debug|iPhone
		{1465DB5B-9763-4BE2-8E75-A4D7655DFE2A}.Debug|iPhone.Build.0 = Debug|iPhone
		{1465DB5B-9763-4BE2-8E75-A4D7655DFE2A}.Debug|iPhoneSimulator.ActiveCfg = Debug|iPhoneSimulator
		{1465DB5B-9763-4BE2-8E75-A4D7655DFE2A}.Debug|iPhoneSimulator.Build.0 = Debug|iPhoneSimulator
		{1465DB5B-9763-4BE2-8E75-A4D7655DFE2A}.Debug|x64.ActiveCfg = Debug|iPhone
		{1465DB5B-9763-4BE2-8E75-A4D7655DFE2A}.Debug|x86.ActiveCfg = Debug|iPhone
		{1465DB5B-9763-4BE2-8E75-A4D7655DFE2A}.Release|Any CPU.ActiveCfg = Release|iPhone
		{1465DB5B-9763-4BE2-8E75-A4D7655DFE2A}.Release|ARM.ActiveCfg = Release|iPhone
		{1465DB5B-9763-4BE2-8E75-A4D7655DFE2A}.Release|iPhone.ActiveCfg = Release|iPhone
		{1465DB5B-9763-4BE2-8E75-A4D7655DFE2A}.Release|iPhone.Build.0 = Release|iPhone
		{1465DB5B-9763-4BE2-8E75-A4D7655DFE2A}.Release|iPhoneSimulator.ActiveCfg = Release|iPhoneSimulator
		{1465DB5B-9763-4BE2-8E75-A4D7655DFE2A}.Release|iPhoneSimulator.Build.0 = Release|iPhoneSimulator
		{1465DB5B-9763-4BE2-8E75-A4D7655DFE2A}.Release|x64.ActiveCfg = Release|iPhone
		{1465DB5B-9763-4BE2-8E75-A4D7655DFE2A}.Release|x86.ActiveCfg = Release|iPhone
		{B3F98145-EB66-4773-85FB-9F3C7D68EB29}.Ad-Hoc|Any CPU.ActiveCfg = Release|Any CPU
		{B3F98145-EB66-4773-85FB-9F3C7D68EB29}.Ad-Hoc|Any CPU.Build.0 = Release|Any CPU
		{B3F98145-EB66-4773-85FB-9F3C7D68EB29}.Ad-Hoc|Any CPU.Deploy.0 = Release|Any CPU
		{B3F98145-EB66-4773-85FB-9F3C7D68EB29}.Ad-Hoc|ARM.ActiveCfg = Release|ARM
		{B3F98145-EB66-4773-85FB-9F3C7D68EB29}.Ad-Hoc|ARM.Build.0 = Release|ARM
		{B3F98145-EB66-4773-85FB-9F3C7D68EB29}.Ad-Hoc|ARM.Deploy.0 = Release|ARM
		{B3F98145-EB66-4773-85FB-9F3C7D68EB29}.Ad-Hoc|iPhone.ActiveCfg = Release|Any CPU
		{B3F98145-EB66-4773-85FB-9F3C7D68EB29}.Ad-Hoc|iPhone.Build.0 = Release|Any CPU
		{B3F98145-EB66-4773-85FB-9F3C7D68EB29}.Ad-Hoc|iPhone.Deploy.0 = Release|Any CPU
		{B3F98145-EB66-4773-85FB-9F3C7D68EB29}.Ad-Hoc|iPhoneSimulator.ActiveCfg = Release|Any CPU
		{B3F98145-EB66-4773-85FB-9F3C7D68EB29}.Ad-Hoc|iPhoneSimulator.Build.0 = Release|Any CPU
		{B3F98145-EB66-4773-85FB-9F3C7D68EB29}.Ad-Hoc|iPhoneSimulator.Deploy.0 = Release|Any CPU
		{B3F98145-EB66-4773-85FB-9F3C7D68EB29}.Ad-Hoc|x64.ActiveCfg = Release|Any CPU
		{B3F98145-EB66-4773-85FB-9F3C7D68EB29}.Ad-Hoc|x64.Build.0 = Release|Any CPU
		{B3F98145-EB66-4773-85FB-9F3C7D68EB29}.Ad-Hoc|x64.Deploy.0 = Release|Any CPU
		{B3F98145-EB66-4773-85FB-9F3C7D68EB29}.Ad-Hoc|x86.ActiveCfg = Release|x86
		{B3F98145-EB66-4773-85FB-9F3C7D68EB29}.Ad-Hoc|x86.Build.0 = Release|x86
		{B3F98145-EB66-4773-85FB-9F3C7D68EB29}.Ad-Hoc|x86.Deploy.0 = Release|x86
		{B3F98145-EB66-4773-85FB-9F3C7D68EB29}.AppStore|Any CPU.ActiveCfg = Release|Any CPU
		{B3F98145-EB66-4773-85FB-9F3C7D68EB29}.AppStore|Any CPU.Build.0 = Release|Any CPU
		{B3F98145-EB66-4773-85FB-9F3C7D68EB29}.AppStore|Any CPU.Deploy.0 = Release|Any CPU
		{B3F98145-EB66-4773-85FB-9F3C7D68EB29}.AppStore|ARM.ActiveCfg = Release|ARM
		{B3F98145-EB66-4773-85FB-9F3C7D68EB29}.AppStore|ARM.Build.0 = Release|ARM
		{B3F98145-EB66-4773-85FB-9F3C7D68EB29}.AppStore|ARM.Deploy.0 = Release|ARM
		{B3F98145-EB66-4773-85FB-9F3C7D68EB29}.AppStore|iPhone.ActiveCfg = Release|Any CPU
		{B3F98145-EB66-4773-85FB-9F3C7D68EB29}.AppStore|iPhone.Build.0 = Release|Any CPU
		{B3F98145-EB66-4773-85FB-9F3C7D68EB29}.AppStore|iPhone.Deploy.0 = Release|Any CPU
		{B3F98145-EB66-4773-85FB-9F3C7D68EB29}.AppStore|iPhoneSimulator.ActiveCfg = Release|Any CPU
		{B3F98145-EB66-4773-85FB-9F3C7D68EB29}.AppStore|iPhoneSimulator.Build.0 = Release|Any CPU
		{B3F98145-EB66-4773-85FB-9F3C7D68EB29}.AppStore|iPhoneSimulator.Deploy.0 = Release|Any CPU
		{B3F98145-EB66-4773-85FB-9F3C7D68EB29}.AppStore|x64.ActiveCfg = Release|Any CPU
		{B3F98145-EB66-4773-85FB-9F3C7D68EB29}.AppStore|x64.Build.0 = Release|Any CPU
		{B3F98145-EB66-4773-85FB-9F3C7D68EB29}.AppStore|x64.Deploy.0 = Release|Any CPU
		{B3F98145-EB66-4773-85FB-9F3C7D68EB29}.AppStore|x86.ActiveCfg = Release|x86
		{B3F98145-EB66-4773-85FB-9F3C7D68EB29}.AppStore|x86.Build.0 = Release|x86
		{B3F98145-EB66-4773-85FB-9F3C7D68EB29}.AppStore|x86.Deploy.0 = Release|x86
		{B3F98145-EB66-4773-85FB-9F3C7D68EB29}.Debug|Any CPU.ActiveCfg = Debug|Any CPU
		{B3F98145-EB66-4773-85FB-9F3C7D68EB29}.Debug|Any CPU.Build.0 = Debug|Any CPU
		{B3F98145-EB66-4773-85FB-9F3C7D68EB29}.Debug|Any CPU.Deploy.0 = Debug|Any CPU
		{B3F98145-EB66-4773-85FB-9F3C7D68EB29}.Debug|ARM.ActiveCfg = Debug|ARM
		{B3F98145-EB66-4773-85FB-9F3C7D68EB29}.Debug|ARM.Build.0 = Debug|ARM
		{B3F98145-EB66-4773-85FB-9F3C7D68EB29}.Debug|ARM.Deploy.0 = Debug|ARM
		{B3F98145-EB66-4773-85FB-9F3C7D68EB29}.Debug|iPhone.ActiveCfg = Debug|Any CPU
		{B3F98145-EB66-4773-85FB-9F3C7D68EB29}.Debug|iPhone.Build.0 = Debug|Any CPU
		{B3F98145-EB66-4773-85FB-9F3C7D68EB29}.Debug|iPhone.Deploy.0 = Debug|Any CPU
		{B3F98145-EB66-4773-85FB-9F3C7D68EB29}.Debug|iPhoneSimulator.ActiveCfg = Debug|Any CPU
		{B3F98145-EB66-4773-85FB-9F3C7D68EB29}.Debug|iPhoneSimulator.Build.0 = Debug|Any CPU
		{B3F98145-EB66-4773-85FB-9F3C7D68EB29}.Debug|iPhoneSimulator.Deploy.0 = Debug|Any CPU
		{B3F98145-EB66-4773-85FB-9F3C7D68EB29}.Debug|x64.ActiveCfg = Debug|Any CPU
		{B3F98145-EB66-4773-85FB-9F3C7D68EB29}.Debug|x64.Build.0 = Debug|Any CPU
		{B3F98145-EB66-4773-85FB-9F3C7D68EB29}.Debug|x64.Deploy.0 = Debug|Any CPU
		{B3F98145-EB66-4773-85FB-9F3C7D68EB29}.Debug|x86.ActiveCfg = Debug|x86
		{B3F98145-EB66-4773-85FB-9F3C7D68EB29}.Debug|x86.Build.0 = Debug|x86
		{B3F98145-EB66-4773-85FB-9F3C7D68EB29}.Debug|x86.Deploy.0 = Debug|x86
		{B3F98145-EB66-4773-85FB-9F3C7D68EB29}.Release|Any CPU.ActiveCfg = Release|Any CPU
		{B3F98145-EB66-4773-85FB-9F3C7D68EB29}.Release|Any CPU.Build.0 = Release|Any CPU
		{B3F98145-EB66-4773-85FB-9F3C7D68EB29}.Release|Any CPU.Deploy.0 = Release|Any CPU
		{B3F98145-EB66-4773-85FB-9F3C7D68EB29}.Release|ARM.ActiveCfg = Release|ARM
		{B3F98145-EB66-4773-85FB-9F3C7D68EB29}.Release|ARM.Build.0 = Release|ARM
		{B3F98145-EB66-4773-85FB-9F3C7D68EB29}.Release|ARM.Deploy.0 = Release|ARM
		{B3F98145-EB66-4773-85FB-9F3C7D68EB29}.Release|iPhone.ActiveCfg = Release|Any CPU
		{B3F98145-EB66-4773-85FB-9F3C7D68EB29}.Release|iPhone.Build.0 = Release|Any CPU
		{B3F98145-EB66-4773-85FB-9F3C7D68EB29}.Release|iPhone.Deploy.0 = Release|Any CPU
		{B3F98145-EB66-4773-85FB-9F3C7D68EB29}.Release|iPhoneSimulator.ActiveCfg = Release|Any CPU
		{B3F98145-EB66-4773-85FB-9F3C7D68EB29}.Release|iPhoneSimulator.Build.0 = Release|Any CPU
		{B3F98145-EB66-4773-85FB-9F3C7D68EB29}.Release|iPhoneSimulator.Deploy.0 = Release|Any CPU
		{B3F98145-EB66-4773-85FB-9F3C7D68EB29}.Release|x64.ActiveCfg = Release|Any CPU
		{B3F98145-EB66-4773-85FB-9F3C7D68EB29}.Release|x64.Build.0 = Release|Any CPU
		{B3F98145-EB66-4773-85FB-9F3C7D68EB29}.Release|x64.Deploy.0 = Release|Any CPU
		{B3F98145-EB66-4773-85FB-9F3C7D68EB29}.Release|x86.ActiveCfg = Release|x86
		{B3F98145-EB66-4773-85FB-9F3C7D68EB29}.Release|x86.Build.0 = Release|x86
		{B3F98145-EB66-4773-85FB-9F3C7D68EB29}.Release|x86.Deploy.0 = Release|x86
		{2418167C-073A-43A9-B738-3536C4B18FEE}.Ad-Hoc|Any CPU.ActiveCfg = Release|x86
		{2418167C-073A-43A9-B738-3536C4B18FEE}.Ad-Hoc|Any CPU.Build.0 = Release|x86
		{2418167C-073A-43A9-B738-3536C4B18FEE}.Ad-Hoc|Any CPU.Deploy.0 = Release|x86
		{2418167C-073A-43A9-B738-3536C4B18FEE}.Ad-Hoc|ARM.ActiveCfg = Release|ARM
		{2418167C-073A-43A9-B738-3536C4B18FEE}.Ad-Hoc|ARM.Build.0 = Release|ARM
		{2418167C-073A-43A9-B738-3536C4B18FEE}.Ad-Hoc|ARM.Deploy.0 = Release|ARM
		{2418167C-073A-43A9-B738-3536C4B18FEE}.Ad-Hoc|iPhone.ActiveCfg = Release|x86
		{2418167C-073A-43A9-B738-3536C4B18FEE}.Ad-Hoc|iPhone.Build.0 = Release|x86
		{2418167C-073A-43A9-B738-3536C4B18FEE}.Ad-Hoc|iPhone.Deploy.0 = Release|x86
		{2418167C-073A-43A9-B738-3536C4B18FEE}.Ad-Hoc|iPhoneSimulator.ActiveCfg = Release|x86
		{2418167C-073A-43A9-B738-3536C4B18FEE}.Ad-Hoc|iPhoneSimulator.Build.0 = Release|x86
		{2418167C-073A-43A9-B738-3536C4B18FEE}.Ad-Hoc|iPhoneSimulator.Deploy.0 = Release|x86
		{2418167C-073A-43A9-B738-3536C4B18FEE}.Ad-Hoc|x64.ActiveCfg = Release|x64
		{2418167C-073A-43A9-B738-3536C4B18FEE}.Ad-Hoc|x64.Build.0 = Release|x64
		{2418167C-073A-43A9-B738-3536C4B18FEE}.Ad-Hoc|x64.Deploy.0 = Release|x64
		{2418167C-073A-43A9-B738-3536C4B18FEE}.Ad-Hoc|x86.ActiveCfg = Release|x86
		{2418167C-073A-43A9-B738-3536C4B18FEE}.Ad-Hoc|x86.Build.0 = Release|x86
		{2418167C-073A-43A9-B738-3536C4B18FEE}.Ad-Hoc|x86.Deploy.0 = Release|x86
		{2418167C-073A-43A9-B738-3536C4B18FEE}.AppStore|Any CPU.ActiveCfg = Release|x86
		{2418167C-073A-43A9-B738-3536C4B18FEE}.AppStore|Any CPU.Build.0 = Release|x86
		{2418167C-073A-43A9-B738-3536C4B18FEE}.AppStore|Any CPU.Deploy.0 = Release|x86
		{2418167C-073A-43A9-B738-3536C4B18FEE}.AppStore|ARM.ActiveCfg = Release|ARM
		{2418167C-073A-43A9-B738-3536C4B18FEE}.AppStore|ARM.Build.0 = Release|ARM
		{2418167C-073A-43A9-B738-3536C4B18FEE}.AppStore|ARM.Deploy.0 = Release|ARM
		{2418167C-073A-43A9-B738-3536C4B18FEE}.AppStore|iPhone.ActiveCfg = Release|x86
		{2418167C-073A-43A9-B738-3536C4B18FEE}.AppStore|iPhone.Build.0 = Release|x86
		{2418167C-073A-43A9-B738-3536C4B18FEE}.AppStore|iPhone.Deploy.0 = Release|x86
		{2418167C-073A-43A9-B738-3536C4B18FEE}.AppStore|iPhoneSimulator.ActiveCfg = Release|x86
		{2418167C-073A-43A9-B738-3536C4B18FEE}.AppStore|iPhoneSimulator.Build.0 = Release|x86
		{2418167C-073A-43A9-B738-3536C4B18FEE}.AppStore|iPhoneSimulator.Deploy.0 = Release|x86
		{2418167C-073A-43A9-B738-3536C4B18FEE}.AppStore|x64.ActiveCfg = Release|x64
		{2418167C-073A-43A9-B738-3536C4B18FEE}.AppStore|x64.Build.0 = Release|x64
		{2418167C-073A-43A9-B738-3536C4B18FEE}.AppStore|x64.Deploy.0 = Release|x64
		{2418167C-073A-43A9-B738-3536C4B18FEE}.AppStore|x86.ActiveCfg = Release|x86
		{2418167C-073A-43A9-B738-3536C4B18FEE}.AppStore|x86.Build.0 = Release|x86
		{2418167C-073A-43A9-B738-3536C4B18FEE}.AppStore|x86.Deploy.0 = Release|x86
		{2418167C-073A-43A9-B738-3536C4B18FEE}.Debug|Any CPU.ActiveCfg = Debug|x86
		{2418167C-073A-43A9-B738-3536C4B18FEE}.Debug|Any CPU.Build.0 = Debug|x86
		{2418167C-073A-43A9-B738-3536C4B18FEE}.Debug|Any CPU.Deploy.0 = Debug|x86
		{2418167C-073A-43A9-B738-3536C4B18FEE}.Debug|ARM.ActiveCfg = Debug|ARM
		{2418167C-073A-43A9-B738-3536C4B18FEE}.Debug|ARM.Build.0 = Debug|ARM
		{2418167C-073A-43A9-B738-3536C4B18FEE}.Debug|ARM.Deploy.0 = Debug|ARM
		{2418167C-073A-43A9-B738-3536C4B18FEE}.Debug|iPhone.ActiveCfg = Debug|x86
		{2418167C-073A-43A9-B738-3536C4B18FEE}.Debug|iPhoneSimulator.ActiveCfg = Debug|x86
		{2418167C-073A-43A9-B738-3536C4B18FEE}.Debug|x64.ActiveCfg = Debug|x64
		{2418167C-073A-43A9-B738-3536C4B18FEE}.Debug|x64.Build.0 = Debug|x64
		{2418167C-073A-43A9-B738-3536C4B18FEE}.Debug|x64.Deploy.0 = Debug|x64
		{2418167C-073A-43A9-B738-3536C4B18FEE}.Debug|x86.ActiveCfg = Debug|x86
		{2418167C-073A-43A9-B738-3536C4B18FEE}.Debug|x86.Build.0 = Debug|x86
		{2418167C-073A-43A9-B738-3536C4B18FEE}.Debug|x86.Deploy.0 = Debug|x86
		{2418167C-073A-43A9-B738-3536C4B18FEE}.Release|Any CPU.ActiveCfg = Release|x86
		{2418167C-073A-43A9-B738-3536C4B18FEE}.Release|ARM.ActiveCfg = Release|ARM
		{2418167C-073A-43A9-B738-3536C4B18FEE}.Release|ARM.Build.0 = Release|ARM
		{2418167C-073A-43A9-B738-3536C4B18FEE}.Release|ARM.Deploy.0 = Release|ARM
		{2418167C-073A-43A9-B738-3536C4B18FEE}.Release|iPhone.ActiveCfg = Release|x86
		{2418167C-073A-43A9-B738-3536C4B18FEE}.Release|iPhoneSimulator.ActiveCfg = Release|x86
		{2418167C-073A-43A9-B738-3536C4B18FEE}.Release|x64.ActiveCfg = Release|x64
		{2418167C-073A-43A9-B738-3536C4B18FEE}.Release|x64.Build.0 = Release|x64
		{2418167C-073A-43A9-B738-3536C4B18FEE}.Release|x64.Deploy.0 = Release|x64
		{2418167C-073A-43A9-B738-3536C4B18FEE}.Release|x86.ActiveCfg = Release|x86
		{2418167C-073A-43A9-B738-3536C4B18FEE}.Release|x86.Build.0 = Release|x86
		{2418167C-073A-43A9-B738-3536C4B18FEE}.Release|x86.Deploy.0 = Release|x86
		{1EA205B7-722F-4F10-A228-5E39DB3B9892}.Ad-Hoc|Any CPU.ActiveCfg = Release|Any CPU
		{1EA205B7-722F-4F10-A228-5E39DB3B9892}.Ad-Hoc|Any CPU.Build.0 = Release|Any CPU
		{1EA205B7-722F-4F10-A228-5E39DB3B9892}.Ad-Hoc|Any CPU.Deploy.0 = Release|Any CPU
		{1EA205B7-722F-4F10-A228-5E39DB3B9892}.Ad-Hoc|ARM.ActiveCfg = Release|ARM
		{1EA205B7-722F-4F10-A228-5E39DB3B9892}.Ad-Hoc|ARM.Build.0 = Release|ARM
		{1EA205B7-722F-4F10-A228-5E39DB3B9892}.Ad-Hoc|ARM.Deploy.0 = Release|ARM
		{1EA205B7-722F-4F10-A228-5E39DB3B9892}.Ad-Hoc|iPhone.ActiveCfg = Release|Any CPU
		{1EA205B7-722F-4F10-A228-5E39DB3B9892}.Ad-Hoc|iPhone.Build.0 = Release|Any CPU
		{1EA205B7-722F-4F10-A228-5E39DB3B9892}.Ad-Hoc|iPhone.Deploy.0 = Release|Any CPU
		{1EA205B7-722F-4F10-A228-5E39DB3B9892}.Ad-Hoc|iPhoneSimulator.ActiveCfg = Release|Any CPU
		{1EA205B7-722F-4F10-A228-5E39DB3B9892}.Ad-Hoc|iPhoneSimulator.Build.0 = Release|Any CPU
		{1EA205B7-722F-4F10-A228-5E39DB3B9892}.Ad-Hoc|iPhoneSimulator.Deploy.0 = Release|Any CPU
		{1EA205B7-722F-4F10-A228-5E39DB3B9892}.Ad-Hoc|x64.ActiveCfg = Release|x64
		{1EA205B7-722F-4F10-A228-5E39DB3B9892}.Ad-Hoc|x64.Build.0 = Release|x64
		{1EA205B7-722F-4F10-A228-5E39DB3B9892}.Ad-Hoc|x64.Deploy.0 = Release|x64
		{1EA205B7-722F-4F10-A228-5E39DB3B9892}.Ad-Hoc|x86.ActiveCfg = Release|x86
		{1EA205B7-722F-4F10-A228-5E39DB3B9892}.Ad-Hoc|x86.Build.0 = Release|x86
		{1EA205B7-722F-4F10-A228-5E39DB3B9892}.Ad-Hoc|x86.Deploy.0 = Release|x86
		{1EA205B7-722F-4F10-A228-5E39DB3B9892}.AppStore|Any CPU.ActiveCfg = Release|Any CPU
		{1EA205B7-722F-4F10-A228-5E39DB3B9892}.AppStore|Any CPU.Build.0 = Release|Any CPU
		{1EA205B7-722F-4F10-A228-5E39DB3B9892}.AppStore|Any CPU.Deploy.0 = Release|Any CPU
		{1EA205B7-722F-4F10-A228-5E39DB3B9892}.AppStore|ARM.ActiveCfg = Release|ARM
		{1EA205B7-722F-4F10-A228-5E39DB3B9892}.AppStore|ARM.Build.0 = Release|ARM
		{1EA205B7-722F-4F10-A228-5E39DB3B9892}.AppStore|ARM.Deploy.0 = Release|ARM
		{1EA205B7-722F-4F10-A228-5E39DB3B9892}.AppStore|iPhone.ActiveCfg = Release|Any CPU
		{1EA205B7-722F-4F10-A228-5E39DB3B9892}.AppStore|iPhone.Build.0 = Release|Any CPU
		{1EA205B7-722F-4F10-A228-5E39DB3B9892}.AppStore|iPhone.Deploy.0 = Release|Any CPU
		{1EA205B7-722F-4F10-A228-5E39DB3B9892}.AppStore|iPhoneSimulator.ActiveCfg = Release|Any CPU
		{1EA205B7-722F-4F10-A228-5E39DB3B9892}.AppStore|iPhoneSimulator.Build.0 = Release|Any CPU
		{1EA205B7-722F-4F10-A228-5E39DB3B9892}.AppStore|iPhoneSimulator.Deploy.0 = Release|Any CPU
		{1EA205B7-722F-4F10-A228-5E39DB3B9892}.AppStore|x64.ActiveCfg = Release|x64
		{1EA205B7-722F-4F10-A228-5E39DB3B9892}.AppStore|x64.Build.0 = Release|x64
		{1EA205B7-722F-4F10-A228-5E39DB3B9892}.AppStore|x64.Deploy.0 = Release|x64
		{1EA205B7-722F-4F10-A228-5E39DB3B9892}.AppStore|x86.ActiveCfg = Release|x86
		{1EA205B7-722F-4F10-A228-5E39DB3B9892}.AppStore|x86.Build.0 = Release|x86
		{1EA205B7-722F-4F10-A228-5E39DB3B9892}.AppStore|x86.Deploy.0 = Release|x86
		{1EA205B7-722F-4F10-A228-5E39DB3B9892}.Debug|Any CPU.ActiveCfg = Debug|Any CPU
		{1EA205B7-722F-4F10-A228-5E39DB3B9892}.Debug|Any CPU.Build.0 = Debug|Any CPU
		{1EA205B7-722F-4F10-A228-5E39DB3B9892}.Debug|Any CPU.Deploy.0 = Debug|Any CPU
		{1EA205B7-722F-4F10-A228-5E39DB3B9892}.Debug|ARM.ActiveCfg = Debug|ARM
		{1EA205B7-722F-4F10-A228-5E39DB3B9892}.Debug|ARM.Build.0 = Debug|ARM
		{1EA205B7-722F-4F10-A228-5E39DB3B9892}.Debug|ARM.Deploy.0 = Debug|ARM
		{1EA205B7-722F-4F10-A228-5E39DB3B9892}.Debug|iPhone.ActiveCfg = Debug|Any CPU
		{1EA205B7-722F-4F10-A228-5E39DB3B9892}.Debug|iPhone.Build.0 = Debug|Any CPU
		{1EA205B7-722F-4F10-A228-5E39DB3B9892}.Debug|iPhone.Deploy.0 = Debug|Any CPU
		{1EA205B7-722F-4F10-A228-5E39DB3B9892}.Debug|iPhoneSimulator.ActiveCfg = Debug|Any CPU
		{1EA205B7-722F-4F10-A228-5E39DB3B9892}.Debug|iPhoneSimulator.Build.0 = Debug|Any CPU
		{1EA205B7-722F-4F10-A228-5E39DB3B9892}.Debug|iPhoneSimulator.Deploy.0 = Debug|Any CPU
		{1EA205B7-722F-4F10-A228-5E39DB3B9892}.Debug|x64.ActiveCfg = Debug|x64
		{1EA205B7-722F-4F10-A228-5E39DB3B9892}.Debug|x64.Build.0 = Debug|x64
		{1EA205B7-722F-4F10-A228-5E39DB3B9892}.Debug|x64.Deploy.0 = Debug|x64
		{1EA205B7-722F-4F10-A228-5E39DB3B9892}.Debug|x86.ActiveCfg = Debug|x86
		{1EA205B7-722F-4F10-A228-5E39DB3B9892}.Debug|x86.Build.0 = Debug|x86
		{1EA205B7-722F-4F10-A228-5E39DB3B9892}.Debug|x86.Deploy.0 = Debug|x86
		{1EA205B7-722F-4F10-A228-5E39DB3B9892}.Release|Any CPU.ActiveCfg = Release|Any CPU
		{1EA205B7-722F-4F10-A228-5E39DB3B9892}.Release|Any CPU.Build.0 = Release|Any CPU
		{1EA205B7-722F-4F10-A228-5E39DB3B9892}.Release|Any CPU.Deploy.0 = Release|Any CPU
		{1EA205B7-722F-4F10-A228-5E39DB3B9892}.Release|ARM.ActiveCfg = Release|ARM
		{1EA205B7-722F-4F10-A228-5E39DB3B9892}.Release|ARM.Build.0 = Release|ARM
		{1EA205B7-722F-4F10-A228-5E39DB3B9892}.Release|ARM.Deploy.0 = Release|ARM
		{1EA205B7-722F-4F10-A228-5E39DB3B9892}.Release|iPhone.ActiveCfg = Release|Any CPU
		{1EA205B7-722F-4F10-A228-5E39DB3B9892}.Release|iPhone.Build.0 = Release|Any CPU
		{1EA205B7-722F-4F10-A228-5E39DB3B9892}.Release|iPhone.Deploy.0 = Release|Any CPU
		{1EA205B7-722F-4F10-A228-5E39DB3B9892}.Release|iPhoneSimulator.ActiveCfg = Release|Any CPU
		{1EA205B7-722F-4F10-A228-5E39DB3B9892}.Release|iPhoneSimulator.Build.0 = Release|Any CPU
		{1EA205B7-722F-4F10-A228-5E39DB3B9892}.Release|iPhoneSimulator.Deploy.0 = Release|Any CPU
		{1EA205B7-722F-4F10-A228-5E39DB3B9892}.Release|x64.ActiveCfg = Release|x64
		{1EA205B7-722F-4F10-A228-5E39DB3B9892}.Release|x64.Build.0 = Release|x64
		{1EA205B7-722F-4F10-A228-5E39DB3B9892}.Release|x64.Deploy.0 = Release|x64
		{1EA205B7-722F-4F10-A228-5E39DB3B9892}.Release|x86.ActiveCfg = Release|x86
		{1EA205B7-722F-4F10-A228-5E39DB3B9892}.Release|x86.Build.0 = Release|x86
		{1EA205B7-722F-4F10-A228-5E39DB3B9892}.Release|x86.Deploy.0 = Release|x86
		{57EA4F0A-8A6A-4CB6-B7CD-DFB415348F53}.Ad-Hoc|Any CPU.ActiveCfg = Release|Any CPU
		{57EA4F0A-8A6A-4CB6-B7CD-DFB415348F53}.Ad-Hoc|Any CPU.Build.0 = Release|Any CPU
		{57EA4F0A-8A6A-4CB6-B7CD-DFB415348F53}.Ad-Hoc|ARM.ActiveCfg = Release|Any CPU
		{57EA4F0A-8A6A-4CB6-B7CD-DFB415348F53}.Ad-Hoc|ARM.Build.0 = Release|Any CPU
		{57EA4F0A-8A6A-4CB6-B7CD-DFB415348F53}.Ad-Hoc|iPhone.ActiveCfg = Release|Any CPU
		{57EA4F0A-8A6A-4CB6-B7CD-DFB415348F53}.Ad-Hoc|iPhone.Build.0 = Release|Any CPU
		{57EA4F0A-8A6A-4CB6-B7CD-DFB415348F53}.Ad-Hoc|iPhoneSimulator.ActiveCfg = Release|Any CPU
		{57EA4F0A-8A6A-4CB6-B7CD-DFB415348F53}.Ad-Hoc|iPhoneSimulator.Build.0 = Release|Any CPU
		{57EA4F0A-8A6A-4CB6-B7CD-DFB415348F53}.Ad-Hoc|x64.ActiveCfg = Release|Any CPU
		{57EA4F0A-8A6A-4CB6-B7CD-DFB415348F53}.Ad-Hoc|x64.Build.0 = Release|Any CPU
		{57EA4F0A-8A6A-4CB6-B7CD-DFB415348F53}.Ad-Hoc|x86.ActiveCfg = Release|Any CPU
		{57EA4F0A-8A6A-4CB6-B7CD-DFB415348F53}.Ad-Hoc|x86.Build.0 = Release|Any CPU
		{57EA4F0A-8A6A-4CB6-B7CD-DFB415348F53}.AppStore|Any CPU.ActiveCfg = Release|Any CPU
		{57EA4F0A-8A6A-4CB6-B7CD-DFB415348F53}.AppStore|Any CPU.Build.0 = Release|Any CPU
		{57EA4F0A-8A6A-4CB6-B7CD-DFB415348F53}.AppStore|ARM.ActiveCfg = Release|Any CPU
		{57EA4F0A-8A6A-4CB6-B7CD-DFB415348F53}.AppStore|ARM.Build.0 = Release|Any CPU
		{57EA4F0A-8A6A-4CB6-B7CD-DFB415348F53}.AppStore|iPhone.ActiveCfg = Release|Any CPU
		{57EA4F0A-8A6A-4CB6-B7CD-DFB415348F53}.AppStore|iPhone.Build.0 = Release|Any CPU
		{57EA4F0A-8A6A-4CB6-B7CD-DFB415348F53}.AppStore|iPhoneSimulator.ActiveCfg = Release|Any CPU
		{57EA4F0A-8A6A-4CB6-B7CD-DFB415348F53}.AppStore|iPhoneSimulator.Build.0 = Release|Any CPU
		{57EA4F0A-8A6A-4CB6-B7CD-DFB415348F53}.AppStore|x64.ActiveCfg = Release|Any CPU
		{57EA4F0A-8A6A-4CB6-B7CD-DFB415348F53}.AppStore|x64.Build.0 = Release|Any CPU
		{57EA4F0A-8A6A-4CB6-B7CD-DFB415348F53}.AppStore|x86.ActiveCfg = Release|Any CPU
		{57EA4F0A-8A6A-4CB6-B7CD-DFB415348F53}.AppStore|x86.Build.0 = Release|Any CPU
		{57EA4F0A-8A6A-4CB6-B7CD-DFB415348F53}.Debug|Any CPU.ActiveCfg = Debug|Any CPU
		{57EA4F0A-8A6A-4CB6-B7CD-DFB415348F53}.Debug|Any CPU.Build.0 = Debug|Any CPU
		{57EA4F0A-8A6A-4CB6-B7CD-DFB415348F53}.Debug|ARM.ActiveCfg = Debug|Any CPU
		{57EA4F0A-8A6A-4CB6-B7CD-DFB415348F53}.Debug|ARM.Build.0 = Debug|Any CPU
		{57EA4F0A-8A6A-4CB6-B7CD-DFB415348F53}.Debug|iPhone.ActiveCfg = Debug|Any CPU
		{57EA4F0A-8A6A-4CB6-B7CD-DFB415348F53}.Debug|iPhone.Build.0 = Debug|Any CPU
		{57EA4F0A-8A6A-4CB6-B7CD-DFB415348F53}.Debug|iPhoneSimulator.ActiveCfg = Debug|Any CPU
		{57EA4F0A-8A6A-4CB6-B7CD-DFB415348F53}.Debug|iPhoneSimulator.Build.0 = Debug|Any CPU
		{57EA4F0A-8A6A-4CB6-B7CD-DFB415348F53}.Debug|x64.ActiveCfg = Debug|Any CPU
		{57EA4F0A-8A6A-4CB6-B7CD-DFB415348F53}.Debug|x64.Build.0 = Debug|Any CPU
		{57EA4F0A-8A6A-4CB6-B7CD-DFB415348F53}.Debug|x86.ActiveCfg = Debug|Any CPU
		{57EA4F0A-8A6A-4CB6-B7CD-DFB415348F53}.Debug|x86.Build.0 = Debug|Any CPU
		{57EA4F0A-8A6A-4CB6-B7CD-DFB415348F53}.Release|Any CPU.ActiveCfg = Release|Any CPU
		{57EA4F0A-8A6A-4CB6-B7CD-DFB415348F53}.Release|Any CPU.Build.0 = Release|Any CPU
		{57EA4F0A-8A6A-4CB6-B7CD-DFB415348F53}.Release|ARM.ActiveCfg = Release|Any CPU
		{57EA4F0A-8A6A-4CB6-B7CD-DFB415348F53}.Release|ARM.Build.0 = Release|Any CPU
		{57EA4F0A-8A6A-4CB6-B7CD-DFB415348F53}.Release|iPhone.ActiveCfg = Release|Any CPU
		{57EA4F0A-8A6A-4CB6-B7CD-DFB415348F53}.Release|iPhone.Build.0 = Release|Any CPU
		{57EA4F0A-8A6A-4CB6-B7CD-DFB415348F53}.Release|iPhoneSimulator.ActiveCfg = Release|Any CPU
		{57EA4F0A-8A6A-4CB6-B7CD-DFB415348F53}.Release|iPhoneSimulator.Build.0 = Release|Any CPU
		{57EA4F0A-8A6A-4CB6-B7CD-DFB415348F53}.Release|x64.ActiveCfg = Release|Any CPU
		{57EA4F0A-8A6A-4CB6-B7CD-DFB415348F53}.Release|x64.Build.0 = Release|Any CPU
		{57EA4F0A-8A6A-4CB6-B7CD-DFB415348F53}.Release|x86.ActiveCfg = Release|Any CPU
		{57EA4F0A-8A6A-4CB6-B7CD-DFB415348F53}.Release|x86.Build.0 = Release|Any CPU
		{C9D682F2-4F6F-4AB4-847D-A09E98D0E6FD}.Ad-Hoc|Any CPU.ActiveCfg = Release|Any CPU
		{C9D682F2-4F6F-4AB4-847D-A09E98D0E6FD}.Ad-Hoc|Any CPU.Build.0 = Release|Any CPU
		{C9D682F2-4F6F-4AB4-847D-A09E98D0E6FD}.Ad-Hoc|ARM.ActiveCfg = Release|Any CPU
		{C9D682F2-4F6F-4AB4-847D-A09E98D0E6FD}.Ad-Hoc|ARM.Build.0 = Release|Any CPU
		{C9D682F2-4F6F-4AB4-847D-A09E98D0E6FD}.Ad-Hoc|iPhone.ActiveCfg = Release|Any CPU
		{C9D682F2-4F6F-4AB4-847D-A09E98D0E6FD}.Ad-Hoc|iPhone.Build.0 = Release|Any CPU
		{C9D682F2-4F6F-4AB4-847D-A09E98D0E6FD}.Ad-Hoc|iPhoneSimulator.ActiveCfg = Release|Any CPU
		{C9D682F2-4F6F-4AB4-847D-A09E98D0E6FD}.Ad-Hoc|iPhoneSimulator.Build.0 = Release|Any CPU
		{C9D682F2-4F6F-4AB4-847D-A09E98D0E6FD}.Ad-Hoc|x64.ActiveCfg = Release|Any CPU
		{C9D682F2-4F6F-4AB4-847D-A09E98D0E6FD}.Ad-Hoc|x64.Build.0 = Release|Any CPU
		{C9D682F2-4F6F-4AB4-847D-A09E98D0E6FD}.Ad-Hoc|x86.ActiveCfg = Release|Any CPU
		{C9D682F2-4F6F-4AB4-847D-A09E98D0E6FD}.Ad-Hoc|x86.Build.0 = Release|Any CPU
		{C9D682F2-4F6F-4AB4-847D-A09E98D0E6FD}.AppStore|Any CPU.ActiveCfg = Release|Any CPU
		{C9D682F2-4F6F-4AB4-847D-A09E98D0E6FD}.AppStore|Any CPU.Build.0 = Release|Any CPU
		{C9D682F2-4F6F-4AB4-847D-A09E98D0E6FD}.AppStore|ARM.ActiveCfg = Release|Any CPU
		{C9D682F2-4F6F-4AB4-847D-A09E98D0E6FD}.AppStore|ARM.Build.0 = Release|Any CPU
		{C9D682F2-4F6F-4AB4-847D-A09E98D0E6FD}.AppStore|iPhone.ActiveCfg = Release|Any CPU
		{C9D682F2-4F6F-4AB4-847D-A09E98D0E6FD}.AppStore|iPhone.Build.0 = Release|Any CPU
		{C9D682F2-4F6F-4AB4-847D-A09E98D0E6FD}.AppStore|iPhoneSimulator.ActiveCfg = Release|Any CPU
		{C9D682F2-4F6F-4AB4-847D-A09E98D0E6FD}.AppStore|iPhoneSimulator.Build.0 = Release|Any CPU
		{C9D682F2-4F6F-4AB4-847D-A09E98D0E6FD}.AppStore|x64.ActiveCfg = Release|Any CPU
		{C9D682F2-4F6F-4AB4-847D-A09E98D0E6FD}.AppStore|x64.Build.0 = Release|Any CPU
		{C9D682F2-4F6F-4AB4-847D-A09E98D0E6FD}.AppStore|x86.ActiveCfg = Release|Any CPU
		{C9D682F2-4F6F-4AB4-847D-A09E98D0E6FD}.AppStore|x86.Build.0 = Release|Any CPU
		{C9D682F2-4F6F-4AB4-847D-A09E98D0E6FD}.Debug|Any CPU.ActiveCfg = Debug|Any CPU
		{C9D682F2-4F6F-4AB4-847D-A09E98D0E6FD}.Debug|Any CPU.Build.0 = Debug|Any CPU
		{C9D682F2-4F6F-4AB4-847D-A09E98D0E6FD}.Debug|ARM.ActiveCfg = Debug|Any CPU
		{C9D682F2-4F6F-4AB4-847D-A09E98D0E6FD}.Debug|ARM.Build.0 = Debug|Any CPU
		{C9D682F2-4F6F-4AB4-847D-A09E98D0E6FD}.Debug|iPhone.ActiveCfg = Debug|Any CPU
		{C9D682F2-4F6F-4AB4-847D-A09E98D0E6FD}.Debug|iPhone.Build.0 = Debug|Any CPU
		{C9D682F2-4F6F-4AB4-847D-A09E98D0E6FD}.Debug|iPhoneSimulator.ActiveCfg = Debug|Any CPU
		{C9D682F2-4F6F-4AB4-847D-A09E98D0E6FD}.Debug|iPhoneSimulator.Build.0 = Debug|Any CPU
		{C9D682F2-4F6F-4AB4-847D-A09E98D0E6FD}.Debug|x64.ActiveCfg = Debug|Any CPU
		{C9D682F2-4F6F-4AB4-847D-A09E98D0E6FD}.Debug|x64.Build.0 = Debug|Any CPU
		{C9D682F2-4F6F-4AB4-847D-A09E98D0E6FD}.Debug|x86.ActiveCfg = Debug|Any CPU
		{C9D682F2-4F6F-4AB4-847D-A09E98D0E6FD}.Debug|x86.Build.0 = Debug|Any CPU
		{C9D682F2-4F6F-4AB4-847D-A09E98D0E6FD}.Release|Any CPU.ActiveCfg = Release|Any CPU
		{C9D682F2-4F6F-4AB4-847D-A09E98D0E6FD}.Release|Any CPU.Build.0 = Release|Any CPU
		{C9D682F2-4F6F-4AB4-847D-A09E98D0E6FD}.Release|ARM.ActiveCfg = Release|Any CPU
		{C9D682F2-4F6F-4AB4-847D-A09E98D0E6FD}.Release|ARM.Build.0 = Release|Any CPU
		{C9D682F2-4F6F-4AB4-847D-A09E98D0E6FD}.Release|iPhone.ActiveCfg = Release|Any CPU
		{C9D682F2-4F6F-4AB4-847D-A09E98D0E6FD}.Release|iPhone.Build.0 = Release|Any CPU
		{C9D682F2-4F6F-4AB4-847D-A09E98D0E6FD}.Release|iPhoneSimulator.ActiveCfg = Release|Any CPU
		{C9D682F2-4F6F-4AB4-847D-A09E98D0E6FD}.Release|iPhoneSimulator.Build.0 = Release|Any CPU
		{C9D682F2-4F6F-4AB4-847D-A09E98D0E6FD}.Release|x64.ActiveCfg = Release|Any CPU
		{C9D682F2-4F6F-4AB4-847D-A09E98D0E6FD}.Release|x64.Build.0 = Release|Any CPU
		{C9D682F2-4F6F-4AB4-847D-A09E98D0E6FD}.Release|x86.ActiveCfg = Release|Any CPU
		{C9D682F2-4F6F-4AB4-847D-A09E98D0E6FD}.Release|x86.Build.0 = Release|Any CPU
	EndGlobalSection
	GlobalSection(SolutionProperties) = preSolution
		HideSolutionNode = FALSE
	EndGlobalSection
EndGlobal
