
Microsoft Visual Studio Solution File, Format Version 12.00
# Visual Studio 2012
VisualStudioVersion = 14.0.24720.0
MinimumVisualStudioVersion = 10.0.40219.1
Project("{FAE04EC0-301F-11D3-BF4B-00C04F79EFBC}") = "XForms.Utils", "XForms.Utils\XForms.Utils.csproj", "{C9D682F2-4F6F-4AB4-847D-A09E98D0E6FD}"
EndProject
Project("{FAE04EC0-301F-11D3-BF4B-00C04F79EFBC}") = "XForms.Utils.Tests", "XForms.Utils.Tests\XForms.Utils.Tests.csproj", "{B7086812-BF20-41D5-9AB9-F769C8302B90}"
EndProject
Global
	GlobalSection(SolutionConfigurationPlatforms) = preSolution
		Debug|Any CPU = Debug|Any CPU
		Release|Any CPU = Release|Any CPU
	EndGlobalSection
	GlobalSection(ProjectConfigurationPlatforms) = postSolution
		{B7086812-BF20-41D5-9AB9-F769C8302B90}.Debug|Any CPU.ActiveCfg = Debug|Any CPU
		{B7086812-BF20-41D5-9AB9-F769C8302B90}.Debug|Any CPU.Build.0 = Debug|Any CPU
		{B7086812-BF20-41D5-9AB9-F769C8302B90}.Release|Any CPU.ActiveCfg = Release|Any CPU
		{B7086812-BF20-41D5-9AB9-F769C8302B90}.Release|Any CPU.Build.0 = Release|Any CPU
		{C9D682F2-4F6F-4AB4-847D-A09E98D0E6FD}.Debug|Any CPU.ActiveCfg = Debug|Any CPU
		{C9D682F2-4F6F-4AB4-847D-A09E98D0E6FD}.Debug|Any CPU.Build.0 = Debug|Any CPU
		{C9D682F2-4F6F-4AB4-847D-A09E98D0E6FD}.Release|Any CPU.ActiveCfg = Release|Any CPU
		{C9D682F2-4F6F-4AB4-847D-A09E98D0E6FD}.Release|Any CPU.Build.0 = Release|Any CPU
	EndGlobalSection
	GlobalSection(SolutionProperties) = preSolution
		HideSolutionNode = FALSE
	EndGlobalSection
EndGlobal
